
Microsoft Visual Studio Solution File, Format Version 12.00
# Visual Studio 2012
Project("{FAE04EC0-301F-11D3-BF4B-00C04F79EFBC}") = "Flip.Mvc.Routing", "Flip.Mvc.Routing.csproj", "{3C6D8EC3-3D2D-45C1-8CF9-1B83EB8B435C}"
EndProject
Project("{2150E333-8FDC-42A3-9474-1A3956D46DE8}") = ".nuget", ".nuget", "{9F028C55-8618-4AF2-B8B3-7892440C9900}"
	ProjectSection(SolutionItems) = preProject
		.nuget\NuGet.Config = .nuget\NuGet.Config
		.nuget\NuGet.exe = .nuget\NuGet.exe
		.nuget\NuGet.targets = .nuget\NuGet.targets
	EndProjectSection
EndProject
Project("{2150E333-8FDC-42A3-9474-1A3956D46DE8}") = "Tests", "Tests", "{3756F5E1-DD93-45EC-9AEF-03B0AD330B12}"
EndProject
Project("{FAE04EC0-301F-11D3-BF4B-00C04F79EFBC}") = "Flip.Web.Routing.Tests", "..\Flip.Web.Routing.Tests\Flip.Web.Routing.Tests.csproj", "{AC629E12-0C49-4A0A-9331-992A2398E8E4}"
EndProject
Global
	GlobalSection(SolutionConfigurationPlatforms) = preSolution
		Debug|Any CPU = Debug|Any CPU
		Release|Any CPU = Release|Any CPU
	EndGlobalSection
	GlobalSection(ProjectConfigurationPlatforms) = postSolution
		{3C6D8EC3-3D2D-45C1-8CF9-1B83EB8B435C}.Debug|Any CPU.ActiveCfg = Debug|Any CPU
		{3C6D8EC3-3D2D-45C1-8CF9-1B83EB8B435C}.Debug|Any CPU.Build.0 = Debug|Any CPU
		{3C6D8EC3-3D2D-45C1-8CF9-1B83EB8B435C}.Release|Any CPU.ActiveCfg = Release|Any CPU
		{3C6D8EC3-3D2D-45C1-8CF9-1B83EB8B435C}.Release|Any CPU.Build.0 = Release|Any CPU
		{AC629E12-0C49-4A0A-9331-992A2398E8E4}.Debug|Any CPU.ActiveCfg = Debug|Any CPU
		{AC629E12-0C49-4A0A-9331-992A2398E8E4}.Debug|Any CPU.Build.0 = Debug|Any CPU
		{AC629E12-0C49-4A0A-9331-992A2398E8E4}.Release|Any CPU.ActiveCfg = Release|Any CPU
		{AC629E12-0C49-4A0A-9331-992A2398E8E4}.Release|Any CPU.Build.0 = Release|Any CPU
	EndGlobalSection
	GlobalSection(SolutionProperties) = preSolution
		HideSolutionNode = FALSE
	EndGlobalSection
	GlobalSection(NestedProjects) = preSolution
		{AC629E12-0C49-4A0A-9331-992A2398E8E4} = {3756F5E1-DD93-45EC-9AEF-03B0AD330B12}
	EndGlobalSection
EndGlobal
